// !$*UTF8*$!
{
	archiveVersion = 1;
	classes = {
	};
	objectVersion = 46;
	objects = {

/* Begin PBXBuildFile section */
		846B798B1CCCD10000F754B4 /* main.m in Sources */ = {isa = PBXBuildFile; fileRef = 846B798A1CCCD10000F754B4 /* main.m */; };
		846B798E1CCCD10000F754B4 /* AppDelegate.m in Sources */ = {isa = PBXBuildFile; fileRef = 846B798D1CCCD10000F754B4 /* AppDelegate.m */; };
		846B79911CCCD10000F754B4 /* ViewController.m in Sources */ = {isa = PBXBuildFile; fileRef = 846B79901CCCD10000F754B4 /* ViewController.m */; };
		846B79941CCCD10000F754B4 /* Main.storyboard in Resources */ = {isa = PBXBuildFile; fileRef = 846B79921CCCD10000F754B4 /* Main.storyboard */; };
		846B79961CCCD10000F754B4 /* Assets.xcassets in Resources */ = {isa = PBXBuildFile; fileRef = 846B79951CCCD10000F754B4 /* Assets.xcassets */; };
		846B79991CCCD10000F754B4 /* LaunchScreen.storyboard in Resources */ = {isa = PBXBuildFile; fileRef = 846B79971CCCD10000F754B4 /* LaunchScreen.storyboard */; };
		846B79A41CCCD10000F754B4 /* MyAlipayTests.m in Sources */ = {isa = PBXBuildFile; fileRef = 846B79A31CCCD10000F754B4 /* MyAlipayTests.m */; };
		84787A0A1ED5731500E97678 /* CoreMotion.framework in Frameworks */ = {isa = PBXBuildFile; fileRef = 84787A091ED5731500E97678 /* CoreMotion.framework */; };
		84787A0C1ED5735100E97678 /* CFNetwork.framework in Frameworks */ = {isa = PBXBuildFile; fileRef = 84787A0B1ED5735100E97678 /* CFNetwork.framework */; };
		84787AE41ED5765F00E97678 /* AlipaySDK.bundle in Resources */ = {isa = PBXBuildFile; fileRef = 84787A801ED5765F00E97678 /* AlipaySDK.bundle */; };
		84787AE51ED5765F00E97678 /* AlipaySDK.framework in Frameworks */ = {isa = PBXBuildFile; fileRef = 84787A811ED5765F00E97678 /* AlipaySDK.framework */; };
		84787AE61ED5765F00E97678 /* libcrypto.a in Frameworks */ = {isa = PBXBuildFile; fileRef = 84787A821ED5765F00E97678 /* libcrypto.a */; };
		84787AE71ED5765F00E97678 /* libssl.a in Frameworks */ = {isa = PBXBuildFile; fileRef = 84787A831ED5765F00E97678 /* libssl.a */; };
		84787AE81ED5765F00E97678 /* Order.m in Sources */ = {isa = PBXBuildFile; fileRef = 84787AD11ED5765F00E97678 /* Order.m */; };
		84787AF21ED5775F00E97678 /* libc++.tbd in Frameworks */ = {isa = PBXBuildFile; fileRef = 84787AF11ED5775F00E97678 /* libc++.tbd */; };
		84787AF51ED5788300E97678 /* APAuthV2Info.m in Sources */ = {isa = PBXBuildFile; fileRef = 84787AF41ED5788300E97678 /* APAuthV2Info.m */; };
		84787B021ED57AF500E97678 /* base64.m in Sources */ = {isa = PBXBuildFile; fileRef = 84787AF81ED57AF500E97678 /* base64.m */; };
		84787B031ED57AF500E97678 /* NSDataEx.m in Sources */ = {isa = PBXBuildFile; fileRef = 84787AFB1ED57AF500E97678 /* NSDataEx.m */; };
		84787B041ED57AF500E97678 /* openssl_wrapper.m in Sources */ = {isa = PBXBuildFile; fileRef = 84787AFD1ED57AF500E97678 /* openssl_wrapper.m */; };
		84787B051ED57AF500E97678 /* RSADataSigner.m in Sources */ = {isa = PBXBuildFile; fileRef = 84787AFF1ED57AF500E97678 /* RSADataSigner.m */; };
		84787B061ED57AF500E97678 /* RSADataVerifier.m in Sources */ = {isa = PBXBuildFile; fileRef = 84787B011ED57AF500E97678 /* RSADataVerifier.m */; };
		8487E72D1CCCF348003962C3 /* 2010e3a0c7f88c3f5f5803bf66addd93.png in Resources */ = {isa = PBXBuildFile; fileRef = 8487E71E1CCCF348003962C3 /* 2010e3a0c7f88c3f5f5803bf66addd93.png */; };
		8487E72E1CCCF348003962C3 /* 2c97690e72365e38e3e2a95b934b8dd2.png in Resources */ = {isa = PBXBuildFile; fileRef = 8487E71F1CCCF348003962C3 /* 2c97690e72365e38e3e2a95b934b8dd2.png */; };
		8487E72F1CCCF348003962C3 /* 3714230523e78c839947694f3e97f0a5.png in Resources */ = {isa = PBXBuildFile; fileRef = 8487E7201CCCF348003962C3 /* 3714230523e78c839947694f3e97f0a5.png */; };
		8487E7301CCCF348003962C3 /* 37e4761e6ecf56a2d78685df7157f097.png in Resources */ = {isa = PBXBuildFile; fileRef = 8487E7211CCCF348003962C3 /* 37e4761e6ecf56a2d78685df7157f097.png */; };
		8487E7311CCCF348003962C3 /* 53453be0d2dd458c057286d17f6b9306.png in Resources */ = {isa = PBXBuildFile; fileRef = 8487E7221CCCF348003962C3 /* 53453be0d2dd458c057286d17f6b9306.png */; };
		8487E7321CCCF348003962C3 /* 5ee372ff039073317a49af5442748071.png in Resources */ = {isa = PBXBuildFile; fileRef = 8487E7231CCCF348003962C3 /* 5ee372ff039073317a49af5442748071.png */; };
		8487E7331CCCF348003962C3 /* 7003217f16ed29bab85e635a3bd6b60d.png in Resources */ = {isa = PBXBuildFile; fileRef = 8487E7241CCCF348003962C3 /* 7003217f16ed29bab85e635a3bd6b60d.png */; };
		8487E7341CCCF348003962C3 /* 70e4761e6ecf56a2d78685df7157f010.jpg in Resources */ = {isa = PBXBuildFile; fileRef = 8487E7251CCCF348003962C3 /* 70e4761e6ecf56a2d78685df7157f010.jpg */; };
		8487E7351CCCF348003962C3 /* 97726b804a2558308098bd59edc833fa.png in Resources */ = {isa = PBXBuildFile; fileRef = 8487E7261CCCF348003962C3 /* 97726b804a2558308098bd59edc833fa.png */; };
		8487E7361CCCF348003962C3 /* 9b437cdfb3e3b542b5917ce2e9a74890.png in Resources */ = {isa = PBXBuildFile; fileRef = 8487E7271CCCF348003962C3 /* 9b437cdfb3e3b542b5917ce2e9a74890.png */; };
		8487E7371CCCF348003962C3 /* a5f46774487027f73ddb35dbb6e5a41c.png in Resources */ = {isa = PBXBuildFile; fileRef = 8487E7281CCCF348003962C3 /* a5f46774487027f73ddb35dbb6e5a41c.png */; };
		8487E7381CCCF348003962C3 /* a6c484045581f45e50db68e4f5dc734c.png in Resources */ = {isa = PBXBuildFile; fileRef = 8487E7291CCCF348003962C3 /* a6c484045581f45e50db68e4f5dc734c.png */; };
		8487E7391CCCF348003962C3 /* d40878ee9d97a53bd4b8778daa11d38d.png in Resources */ = {isa = PBXBuildFile; fileRef = 8487E72A1CCCF348003962C3 /* d40878ee9d97a53bd4b8778daa11d38d.png */; };
		8487E73A1CCCF348003962C3 /* eb83ba2a2bf3098e324350ce88d6b862.png in Resources */ = {isa = PBXBuildFile; fileRef = 8487E72B1CCCF348003962C3 /* eb83ba2a2bf3098e324350ce88d6b862.png */; };
		8487E73B1CCCF348003962C3 /* tgs.plist in Resources */ = {isa = PBXBuildFile; fileRef = 8487E72C1CCCF348003962C3 /* tgs.plist */; };
		8487E73E1CCCF633003962C3 /* LLProductsCell.m in Sources */ = {isa = PBXBuildFile; fileRef = 8487E73D1CCCF633003962C3 /* LLProductsCell.m */; };
		8487E7411CCCF674003962C3 /* LLProduct.m in Sources */ = {isa = PBXBuildFile; fileRef = 8487E7401CCCF674003962C3 /* LLProduct.m */; };
		8487E7591CCCF71F003962C3 /* MJExtensionConst.m in Sources */ = {isa = PBXBuildFile; fileRef = 8487E7461CCCF71F003962C3 /* MJExtensionConst.m */; };
		8487E75A1CCCF71F003962C3 /* MJFoundation.m in Sources */ = {isa = PBXBuildFile; fileRef = 8487E7481CCCF71F003962C3 /* MJFoundation.m */; };
		8487E75B1CCCF71F003962C3 /* MJProperty.m in Sources */ = {isa = PBXBuildFile; fileRef = 8487E74A1CCCF71F003962C3 /* MJProperty.m */; };
		8487E75C1CCCF71F003962C3 /* MJPropertyKey.m in Sources */ = {isa = PBXBuildFile; fileRef = 8487E74C1CCCF71F003962C3 /* MJPropertyKey.m */; };
		8487E75D1CCCF71F003962C3 /* MJPropertyType.m in Sources */ = {isa = PBXBuildFile; fileRef = 8487E74E1CCCF71F003962C3 /* MJPropertyType.m */; };
		8487E75E1CCCF71F003962C3 /* NSObject+MJClass.m in Sources */ = {isa = PBXBuildFile; fileRef = 8487E7501CCCF71F003962C3 /* NSObject+MJClass.m */; };
		8487E75F1CCCF71F003962C3 /* NSObject+MJCoding.m in Sources */ = {isa = PBXBuildFile; fileRef = 8487E7521CCCF71F003962C3 /* NSObject+MJCoding.m */; };
		8487E7601CCCF71F003962C3 /* NSObject+MJKeyValue.m in Sources */ = {isa = PBXBuildFile; fileRef = 8487E7541CCCF71F003962C3 /* NSObject+MJKeyValue.m */; };
		8487E7611CCCF71F003962C3 /* NSObject+MJProperty.m in Sources */ = {isa = PBXBuildFile; fileRef = 8487E7561CCCF71F003962C3 /* NSObject+MJProperty.m */; };
		8487E7621CCCF71F003962C3 /* NSString+MJExtension.m in Sources */ = {isa = PBXBuildFile; fileRef = 8487E7581CCCF71F003962C3 /* NSString+MJExtension.m */; };
		8487E7D81CCD1FCB003962C3 /* SystemConfiguration.framework in Frameworks */ = {isa = PBXBuildFile; fileRef = 8487E7D71CCD1FCB003962C3 /* SystemConfiguration.framework */; };
		8487E7DA1CCD1FE3003962C3 /* libz.tbd in Frameworks */ = {isa = PBXBuildFile; fileRef = 8487E7D91CCD1FE3003962C3 /* libz.tbd */; };
		8487E7DC1CCD2008003962C3 /* CoreTelephony.framework in Frameworks */ = {isa = PBXBuildFile; fileRef = 8487E7DB1CCD2008003962C3 /* CoreTelephony.framework */; };
		8487E7DE1CCD2018003962C3 /* QuartzCore.framework in Frameworks */ = {isa = PBXBuildFile; fileRef = 8487E7DD1CCD2018003962C3 /* QuartzCore.framework */; };
		8487E7E01CCD202D003962C3 /* CoreText.framework in Frameworks */ = {isa = PBXBuildFile; fileRef = 8487E7DF1CCD202D003962C3 /* CoreText.framework */; };
		8487E7E21CCD2037003962C3 /* CoreGraphics.framework in Frameworks */ = {isa = PBXBuildFile; fileRef = 8487E7E11CCD2037003962C3 /* CoreGraphics.framework */; };
		8487E7E41CCD204A003962C3 /* UIKit.framework in Frameworks */ = {isa = PBXBuildFile; fileRef = 8487E7E31CCD204A003962C3 /* UIKit.framework */; };
		8487E7E61CCD2056003962C3 /* Foundation.framework in Frameworks */ = {isa = PBXBuildFile; fileRef = 8487E7E51CCD2056003962C3 /* Foundation.framework */; };
/* End PBXBuildFile section */

/* Begin PBXContainerItemProxy section */
		846B79A01CCCD10000F754B4 /* PBXContainerItemProxy */ = {
			isa = PBXContainerItemProxy;
			containerPortal = 846B797E1CCCD10000F754B4 /* Project object */;
			proxyType = 1;
			remoteGlobalIDString = 846B79851CCCD10000F754B4;
			remoteInfo = MyAlipay;
		};
/* End PBXContainerItemProxy section */

/* Begin PBXFileReference section */
		846B79861CCCD10000F754B4 /* MyAlipay.app */ = {isa = PBXFileReference; explicitFileType = wrapper.application; includeInIndex = 0; path = MyAlipay.app; sourceTree = BUILT_PRODUCTS_DIR; };
		846B798A1CCCD10000F754B4 /* main.m */ = {isa = PBXFileReference; lastKnownFileType = sourcecode.c.objc; path = main.m; sourceTree = "<group>"; };
		846B798C1CCCD10000F754B4 /* AppDelegate.h */ = {isa = PBXFileReference; lastKnownFileType = sourcecode.c.h; path = AppDelegate.h; sourceTree = "<group>"; };
		846B798D1CCCD10000F754B4 /* AppDelegate.m */ = {isa = PBXFileReference; lastKnownFileType = sourcecode.c.objc; path = AppDelegate.m; sourceTree = "<group>"; };
		846B798F1CCCD10000F754B4 /* ViewController.h */ = {isa = PBXFileReference; lastKnownFileType = sourcecode.c.h; path = ViewController.h; sourceTree = "<group>"; };
		846B79901CCCD10000F754B4 /* ViewController.m */ = {isa = PBXFileReference; lastKnownFileType = sourcecode.c.objc; path = ViewController.m; sourceTree = "<group>"; };
		846B79931CCCD10000F754B4 /* Base */ = {isa = PBXFileReference; lastKnownFileType = file.storyboard; name = Base; path = Base.lproj/Main.storyboard; sourceTree = "<group>"; };
		846B79951CCCD10000F754B4 /* Assets.xcassets */ = {isa = PBXFileReference; lastKnownFileType = folder.assetcatalog; path = Assets.xcassets; sourceTree = "<group>"; };
		846B79981CCCD10000F754B4 /* Base */ = {isa = PBXFileReference; lastKnownFileType = file.storyboard; name = Base; path = Base.lproj/LaunchScreen.storyboard; sourceTree = "<group>"; };
		846B799A1CCCD10000F754B4 /* Info.plist */ = {isa = PBXFileReference; lastKnownFileType = text.plist.xml; path = Info.plist; sourceTree = "<group>"; };
		846B799F1CCCD10000F754B4 /* MyAlipayTests.xctest */ = {isa = PBXFileReference; explicitFileType = wrapper.cfbundle; includeInIndex = 0; path = MyAlipayTests.xctest; sourceTree = BUILT_PRODUCTS_DIR; };
		846B79A31CCCD10000F754B4 /* MyAlipayTests.m */ = {isa = PBXFileReference; lastKnownFileType = sourcecode.c.objc; path = MyAlipayTests.m; sourceTree = "<group>"; };
		846B79A51CCCD10000F754B4 /* Info.plist */ = {isa = PBXFileReference; lastKnownFileType = text.plist.xml; path = Info.plist; sourceTree = "<group>"; };
		84787A091ED5731500E97678 /* CoreMotion.framework */ = {isa = PBXFileReference; lastKnownFileType = wrapper.framework; name = CoreMotion.framework; path = System/Library/Frameworks/CoreMotion.framework; sourceTree = SDKROOT; };
		84787A0B1ED5735100E97678 /* CFNetwork.framework */ = {isa = PBXFileReference; lastKnownFileType = wrapper.framework; name = CFNetwork.framework; path = System/Library/Frameworks/CFNetwork.framework; sourceTree = SDKROOT; };
		84787A801ED5765F00E97678 /* AlipaySDK.bundle */ = {isa = PBXFileReference; lastKnownFileType = "wrapper.plug-in"; path = AlipaySDK.bundle; sourceTree = "<group>"; };
		84787A811ED5765F00E97678 /* AlipaySDK.framework */ = {isa = PBXFileReference; lastKnownFileType = wrapper.framework; path = AlipaySDK.framework; sourceTree = "<group>"; };
		84787A821ED5765F00E97678 /* libcrypto.a */ = {isa = PBXFileReference; lastKnownFileType = archive.ar; path = libcrypto.a; sourceTree = "<group>"; };
		84787A831ED5765F00E97678 /* libssl.a */ = {isa = PBXFileReference; lastKnownFileType = archive.ar; path = libssl.a; sourceTree = "<group>"; };
		84787A851ED5765F00E97678 /* aes.h */ = {isa = PBXFileReference; fileEncoding = 4; lastKnownFileType = sourcecode.c.h; path = aes.h; sourceTree = "<group>"; };
		84787A861ED5765F00E97678 /* asn1.h */ = {isa = PBXFileReference; fileEncoding = 4; lastKnownFileType = sourcecode.c.h; path = asn1.h; sourceTree = "<group>"; };
		84787A871ED5765F00E97678 /* asn1_mac.h */ = {isa = PBXFileReference; fileEncoding = 4; lastKnownFileType = sourcecode.c.h; path = asn1_mac.h; sourceTree = "<group>"; };
		84787A881ED5765F00E97678 /* asn1t.h */ = {isa = PBXFileReference; fileEncoding = 4; lastKnownFileType = sourcecode.c.h; path = asn1t.h; sourceTree = "<group>"; };
		84787A891ED5765F00E97678 /* bio.h */ = {isa = PBXFileReference; fileEncoding = 4; lastKnownFileType = sourcecode.c.h; path = bio.h; sourceTree = "<group>"; };
		84787A8A1ED5765F00E97678 /* blowfish.h */ = {isa = PBXFileReference; fileEncoding = 4; lastKnownFileType = sourcecode.c.h; path = blowfish.h; sourceTree = "<group>"; };
		84787A8B1ED5765F00E97678 /* bn.h */ = {isa = PBXFileReference; fileEncoding = 4; lastKnownFileType = sourcecode.c.h; path = bn.h; sourceTree = "<group>"; };
		84787A8C1ED5765F00E97678 /* buffer.h */ = {isa = PBXFileReference; fileEncoding = 4; lastKnownFileType = sourcecode.c.h; path = buffer.h; sourceTree = "<group>"; };
		84787A8D1ED5765F00E97678 /* camellia.h */ = {isa = PBXFileReference; fileEncoding = 4; lastKnownFileType = sourcecode.c.h; path = camellia.h; sourceTree = "<group>"; };
		84787A8E1ED5765F00E97678 /* cast.h */ = {isa = PBXFileReference; fileEncoding = 4; lastKnownFileType = sourcecode.c.h; path = cast.h; sourceTree = "<group>"; };
		84787A8F1ED5765F00E97678 /* cmac.h */ = {isa = PBXFileReference; fileEncoding = 4; lastKnownFileType = sourcecode.c.h; path = cmac.h; sourceTree = "<group>"; };
		84787A901ED5765F00E97678 /* cms.h */ = {isa = PBXFileReference; fileEncoding = 4; lastKnownFileType = sourcecode.c.h; path = cms.h; sourceTree = "<group>"; };
		84787A911ED5765F00E97678 /* comp.h */ = {isa = PBXFileReference; fileEncoding = 4; lastKnownFileType = sourcecode.c.h; path = comp.h; sourceTree = "<group>"; };
		84787A921ED5765F00E97678 /* conf.h */ = {isa = PBXFileReference; fileEncoding = 4; lastKnownFileType = sourcecode.c.h; path = conf.h; sourceTree = "<group>"; };
		84787A931ED5765F00E97678 /* conf_api.h */ = {isa = PBXFileReference; fileEncoding = 4; lastKnownFileType = sourcecode.c.h; path = conf_api.h; sourceTree = "<group>"; };
		84787A941ED5765F00E97678 /* crypto.h */ = {isa = PBXFileReference; fileEncoding = 4; lastKnownFileType = sourcecode.c.h; path = crypto.h; sourceTree = "<group>"; };
		84787A951ED5765F00E97678 /* des.h */ = {isa = PBXFileReference; fileEncoding = 4; lastKnownFileType = sourcecode.c.h; path = des.h; sourceTree = "<group>"; };
		84787A961ED5765F00E97678 /* des_old.h */ = {isa = PBXFileReference; fileEncoding = 4; lastKnownFileType = sourcecode.c.h; path = des_old.h; sourceTree = "<group>"; };
		84787A971ED5765F00E97678 /* dh.h */ = {isa = PBXFileReference; fileEncoding = 4; lastKnownFileType = sourcecode.c.h; path = dh.h; sourceTree = "<group>"; };
		84787A981ED5765F00E97678 /* dsa.h */ = {isa = PBXFileReference; fileEncoding = 4; lastKnownFileType = sourcecode.c.h; path = dsa.h; sourceTree = "<group>"; };
		84787A991ED5765F00E97678 /* dso.h */ = {isa = PBXFileReference; fileEncoding = 4; lastKnownFileType = sourcecode.c.h; path = dso.h; sourceTree = "<group>"; };
		84787A9A1ED5765F00E97678 /* dtls1.h */ = {isa = PBXFileReference; fileEncoding = 4; lastKnownFileType = sourcecode.c.h; path = dtls1.h; sourceTree = "<group>"; };
		84787A9B1ED5765F00E97678 /* e_os2.h */ = {isa = PBXFileReference; fileEncoding = 4; lastKnownFileType = sourcecode.c.h; path = e_os2.h; sourceTree = "<group>"; };
		84787A9C1ED5765F00E97678 /* ebcdic.h */ = {isa = PBXFileReference; fileEncoding = 4; lastKnownFileType = sourcecode.c.h; path = ebcdic.h; sourceTree = "<group>"; };
		84787A9D1ED5765F00E97678 /* ec.h */ = {isa = PBXFileReference; fileEncoding = 4; lastKnownFileType = sourcecode.c.h; path = ec.h; sourceTree = "<group>"; };
		84787A9E1ED5765F00E97678 /* ecdh.h */ = {isa = PBXFileReference; fileEncoding = 4; lastKnownFileType = sourcecode.c.h; path = ecdh.h; sourceTree = "<group>"; };
		84787A9F1ED5765F00E97678 /* ecdsa.h */ = {isa = PBXFileReference; fileEncoding = 4; lastKnownFileType = sourcecode.c.h; path = ecdsa.h; sourceTree = "<group>"; };
		84787AA01ED5765F00E97678 /* engine.h */ = {isa = PBXFileReference; fileEncoding = 4; lastKnownFileType = sourcecode.c.h; path = engine.h; sourceTree = "<group>"; };
		84787AA11ED5765F00E97678 /* err.h */ = {isa = PBXFileReference; fileEncoding = 4; lastKnownFileType = sourcecode.c.h; path = err.h; sourceTree = "<group>"; };
		84787AA21ED5765F00E97678 /* evp.h */ = {isa = PBXFileReference; fileEncoding = 4; lastKnownFileType = sourcecode.c.h; path = evp.h; sourceTree = "<group>"; };
		84787AA31ED5765F00E97678 /* hmac.h */ = {isa = PBXFileReference; fileEncoding = 4; lastKnownFileType = sourcecode.c.h; path = hmac.h; sourceTree = "<group>"; };
		84787AA41ED5765F00E97678 /* idea.h */ = {isa = PBXFileReference; fileEncoding = 4; lastKnownFileType = sourcecode.c.h; path = idea.h; sourceTree = "<group>"; };
		84787AA51ED5765F00E97678 /* krb5_asn.h */ = {isa = PBXFileReference; fileEncoding = 4; lastKnownFileType = sourcecode.c.h; path = krb5_asn.h; sourceTree = "<group>"; };
		84787AA61ED5765F00E97678 /* kssl.h */ = {isa = PBXFileReference; fileEncoding = 4; lastKnownFileType = sourcecode.c.h; path = kssl.h; sourceTree = "<group>"; };
		84787AA71ED5765F00E97678 /* lhash.h */ = {isa = PBXFileReference; fileEncoding = 4; lastKnownFileType = sourcecode.c.h; path = lhash.h; sourceTree = "<group>"; };
		84787AA81ED5765F00E97678 /* md4.h */ = {isa = PBXFileReference; fileEncoding = 4; lastKnownFileType = sourcecode.c.h; path = md4.h; sourceTree = "<group>"; };
		84787AA91ED5765F00E97678 /* md5.h */ = {isa = PBXFileReference; fileEncoding = 4; lastKnownFileType = sourcecode.c.h; path = md5.h; sourceTree = "<group>"; };
		84787AAA1ED5765F00E97678 /* mdc2.h */ = {isa = PBXFileReference; fileEncoding = 4; lastKnownFileType = sourcecode.c.h; path = mdc2.h; sourceTree = "<group>"; };
		84787AAB1ED5765F00E97678 /* modes.h */ = {isa = PBXFileReference; fileEncoding = 4; lastKnownFileType = sourcecode.c.h; path = modes.h; sourceTree = "<group>"; };
		84787AAC1ED5765F00E97678 /* obj_mac.h */ = {isa = PBXFileReference; fileEncoding = 4; lastKnownFileType = sourcecode.c.h; path = obj_mac.h; sourceTree = "<group>"; };
		84787AAD1ED5765F00E97678 /* objects.h */ = {isa = PBXFileReference; fileEncoding = 4; lastKnownFileType = sourcecode.c.h; path = objects.h; sourceTree = "<group>"; };
		84787AAE1ED5765F00E97678 /* ocsp.h */ = {isa = PBXFileReference; fileEncoding = 4; lastKnownFileType = sourcecode.c.h; path = ocsp.h; sourceTree = "<group>"; };
		84787AAF1ED5765F00E97678 /* opensslconf.h */ = {isa = PBXFileReference; fileEncoding = 4; lastKnownFileType = sourcecode.c.h; path = opensslconf.h; sourceTree = "<group>"; };
		84787AB01ED5765F00E97678 /* opensslv.h */ = {isa = PBXFileReference; fileEncoding = 4; lastKnownFileType = sourcecode.c.h; path = opensslv.h; sourceTree = "<group>"; };
		84787AB11ED5765F00E97678 /* ossl_typ.h */ = {isa = PBXFileReference; fileEncoding = 4; lastKnownFileType = sourcecode.c.h; path = ossl_typ.h; sourceTree = "<group>"; };
		84787AB21ED5765F00E97678 /* pem.h */ = {isa = PBXFileReference; fileEncoding = 4; lastKnownFileType = sourcecode.c.h; path = pem.h; sourceTree = "<group>"; };
		84787AB31ED5765F00E97678 /* pem2.h */ = {isa = PBXFileReference; fileEncoding = 4; lastKnownFileType = sourcecode.c.h; path = pem2.h; sourceTree = "<group>"; };
		84787AB41ED5765F00E97678 /* pkcs12.h */ = {isa = PBXFileReference; fileEncoding = 4; lastKnownFileType = sourcecode.c.h; path = pkcs12.h; sourceTree = "<group>"; };
		84787AB51ED5765F00E97678 /* pkcs7.h */ = {isa = PBXFileReference; fileEncoding = 4; lastKnownFileType = sourcecode.c.h; path = pkcs7.h; sourceTree = "<group>"; };
		84787AB61ED5765F00E97678 /* pqueue.h */ = {isa = PBXFileReference; fileEncoding = 4; lastKnownFileType = sourcecode.c.h; path = pqueue.h; sourceTree = "<group>"; };
		84787AB71ED5765F00E97678 /* rand.h */ = {isa = PBXFileReference; fileEncoding = 4; lastKnownFileType = sourcecode.c.h; path = rand.h; sourceTree = "<group>"; };
		84787AB81ED5765F00E97678 /* rc2.h */ = {isa = PBXFileReference; fileEncoding = 4; lastKnownFileType = sourcecode.c.h; path = rc2.h; sourceTree = "<group>"; };
		84787AB91ED5765F00E97678 /* rc4.h */ = {isa = PBXFileReference; fileEncoding = 4; lastKnownFileType = sourcecode.c.h; path = rc4.h; sourceTree = "<group>"; };
		84787ABA1ED5765F00E97678 /* ripemd.h */ = {isa = PBXFileReference; fileEncoding = 4; lastKnownFileType = sourcecode.c.h; path = ripemd.h; sourceTree = "<group>"; };
		84787ABB1ED5765F00E97678 /* rsa.h */ = {isa = PBXFileReference; fileEncoding = 4; lastKnownFileType = sourcecode.c.h; path = rsa.h; sourceTree = "<group>"; };
		84787ABC1ED5765F00E97678 /* safestack.h */ = {isa = PBXFileReference; fileEncoding = 4; lastKnownFileType = sourcecode.c.h; path = safestack.h; sourceTree = "<group>"; };
		84787ABD1ED5765F00E97678 /* seed.h */ = {isa = PBXFileReference; fileEncoding = 4; lastKnownFileType = sourcecode.c.h; path = seed.h; sourceTree = "<group>"; };
		84787ABE1ED5765F00E97678 /* sha.h */ = {isa = PBXFileReference; fileEncoding = 4; lastKnownFileType = sourcecode.c.h; path = sha.h; sourceTree = "<group>"; };
		84787ABF1ED5765F00E97678 /* srp.h */ = {isa = PBXFileReference; fileEncoding = 4; lastKnownFileType = sourcecode.c.h; path = srp.h; sourceTree = "<group>"; };
		84787AC01ED5765F00E97678 /* srtp.h */ = {isa = PBXFileReference; fileEncoding = 4; lastKnownFileType = sourcecode.c.h; path = srtp.h; sourceTree = "<group>"; };
		84787AC11ED5765F00E97678 /* ssl.h */ = {isa = PBXFileReference; fileEncoding = 4; lastKnownFileType = sourcecode.c.h; path = ssl.h; sourceTree = "<group>"; };
		84787AC21ED5765F00E97678 /* ssl2.h */ = {isa = PBXFileReference; fileEncoding = 4; lastKnownFileType = sourcecode.c.h; path = ssl2.h; sourceTree = "<group>"; };
		84787AC31ED5765F00E97678 /* ssl23.h */ = {isa = PBXFileReference; fileEncoding = 4; lastKnownFileType = sourcecode.c.h; path = ssl23.h; sourceTree = "<group>"; };
		84787AC41ED5765F00E97678 /* ssl3.h */ = {isa = PBXFileReference; fileEncoding = 4; lastKnownFileType = sourcecode.c.h; path = ssl3.h; sourceTree = "<group>"; };
		84787AC51ED5765F00E97678 /* stack.h */ = {isa = PBXFileReference; fileEncoding = 4; lastKnownFileType = sourcecode.c.h; path = stack.h; sourceTree = "<group>"; };
		84787AC61ED5765F00E97678 /* symhacks.h */ = {isa = PBXFileReference; fileEncoding = 4; lastKnownFileType = sourcecode.c.h; path = symhacks.h; sourceTree = "<group>"; };
		84787AC71ED5765F00E97678 /* tls1.h */ = {isa = PBXFileReference; fileEncoding = 4; lastKnownFileType = sourcecode.c.h; path = tls1.h; sourceTree = "<group>"; };
		84787AC81ED5765F00E97678 /* ts.h */ = {isa = PBXFileReference; fileEncoding = 4; lastKnownFileType = sourcecode.c.h; path = ts.h; sourceTree = "<group>"; };
		84787AC91ED5765F00E97678 /* txt_db.h */ = {isa = PBXFileReference; fileEncoding = 4; lastKnownFileType = sourcecode.c.h; path = txt_db.h; sourceTree = "<group>"; };
		84787ACA1ED5765F00E97678 /* ui.h */ = {isa = PBXFileReference; fileEncoding = 4; lastKnownFileType = sourcecode.c.h; path = ui.h; sourceTree = "<group>"; };
		84787ACB1ED5765F00E97678 /* ui_compat.h */ = {isa = PBXFileReference; fileEncoding = 4; lastKnownFileType = sourcecode.c.h; path = ui_compat.h; sourceTree = "<group>"; };
		84787ACC1ED5765F00E97678 /* whrlpool.h */ = {isa = PBXFileReference; fileEncoding = 4; lastKnownFileType = sourcecode.c.h; path = whrlpool.h; sourceTree = "<group>"; };
		84787ACD1ED5765F00E97678 /* x509.h */ = {isa = PBXFileReference; fileEncoding = 4; lastKnownFileType = sourcecode.c.h; path = x509.h; sourceTree = "<group>"; };
		84787ACE1ED5765F00E97678 /* x509_vfy.h */ = {isa = PBXFileReference; fileEncoding = 4; lastKnownFileType = sourcecode.c.h; path = x509_vfy.h; sourceTree = "<group>"; };
		84787ACF1ED5765F00E97678 /* x509v3.h */ = {isa = PBXFileReference; fileEncoding = 4; lastKnownFileType = sourcecode.c.h; path = x509v3.h; sourceTree = "<group>"; };
		84787AD01ED5765F00E97678 /* Order.h */ = {isa = PBXFileReference; fileEncoding = 4; lastKnownFileType = sourcecode.c.h; path = Order.h; sourceTree = "<group>"; };
		84787AD11ED5765F00E97678 /* Order.m */ = {isa = PBXFileReference; fileEncoding = 4; lastKnownFileType = sourcecode.c.objc; path = Order.m; sourceTree = "<group>"; };
		84787AF11ED5775F00E97678 /* libc++.tbd */ = {isa = PBXFileReference; lastKnownFileType = "sourcecode.text-based-dylib-definition"; name = "libc++.tbd"; path = "usr/lib/libc++.tbd"; sourceTree = SDKROOT; };
		84787AF31ED5788300E97678 /* APAuthV2Info.h */ = {isa = PBXFileReference; fileEncoding = 4; lastKnownFileType = sourcecode.c.h; path = APAuthV2Info.h; sourceTree = "<group>"; };
		84787AF41ED5788300E97678 /* APAuthV2Info.m */ = {isa = PBXFileReference; fileEncoding = 4; lastKnownFileType = sourcecode.c.objc; path = APAuthV2Info.m; sourceTree = "<group>"; };
		84787AF71ED57AF500E97678 /* base64.h */ = {isa = PBXFileReference; fileEncoding = 4; lastKnownFileType = sourcecode.c.h; path = base64.h; sourceTree = "<group>"; };
		84787AF81ED57AF500E97678 /* base64.m */ = {isa = PBXFileReference; fileEncoding = 4; lastKnownFileType = sourcecode.c.objc; path = base64.m; sourceTree = "<group>"; };
		84787AF91ED57AF500E97678 /* config.h */ = {isa = PBXFileReference; fileEncoding = 4; lastKnownFileType = sourcecode.c.h; path = config.h; sourceTree = "<group>"; };
		84787AFA1ED57AF500E97678 /* NSDataEx.h */ = {isa = PBXFileReference; fileEncoding = 4; lastKnownFileType = sourcecode.c.h; path = NSDataEx.h; sourceTree = "<group>"; };
		84787AFB1ED57AF500E97678 /* NSDataEx.m */ = {isa = PBXFileReference; fileEncoding = 4; lastKnownFileType = sourcecode.c.objc; path = NSDataEx.m; sourceTree = "<group>"; };
		84787AFC1ED57AF500E97678 /* openssl_wrapper.h */ = {isa = PBXFileReference; fileEncoding = 4; lastKnownFileType = sourcecode.c.h; path = openssl_wrapper.h; sourceTree = "<group>"; };
		84787AFD1ED57AF500E97678 /* openssl_wrapper.m */ = {isa = PBXFileReference; fileEncoding = 4; lastKnownFileType = sourcecode.c.objc; path = openssl_wrapper.m; sourceTree = "<group>"; };
		84787AFE1ED57AF500E97678 /* RSADataSigner.h */ = {isa = PBXFileReference; fileEncoding = 4; lastKnownFileType = sourcecode.c.h; path = RSADataSigner.h; sourceTree = "<group>"; };
		84787AFF1ED57AF500E97678 /* RSADataSigner.m */ = {isa = PBXFileReference; fileEncoding = 4; lastKnownFileType = sourcecode.c.objc; path = RSADataSigner.m; sourceTree = "<group>"; };
		84787B001ED57AF500E97678 /* RSADataVerifier.h */ = {isa = PBXFileReference; fileEncoding = 4; lastKnownFileType = sourcecode.c.h; path = RSADataVerifier.h; sourceTree = "<group>"; };
		84787B011ED57AF500E97678 /* RSADataVerifier.m */ = {isa = PBXFileReference; fileEncoding = 4; lastKnownFileType = sourcecode.c.objc; path = RSADataVerifier.m; sourceTree = "<group>"; };
		8487E71E1CCCF348003962C3 /* 2010e3a0c7f88c3f5f5803bf66addd93.png */ = {isa = PBXFileReference; lastKnownFileType = image.png; path = 2010e3a0c7f88c3f5f5803bf66addd93.png; sourceTree = "<group>"; };
		8487E71F1CCCF348003962C3 /* 2c97690e72365e38e3e2a95b934b8dd2.png */ = {isa = PBXFileReference; lastKnownFileType = image.png; path = 2c97690e72365e38e3e2a95b934b8dd2.png; sourceTree = "<group>"; };
		8487E7201CCCF348003962C3 /* 3714230523e78c839947694f3e97f0a5.png */ = {isa = PBXFileReference; lastKnownFileType = image.png; path = 3714230523e78c839947694f3e97f0a5.png; sourceTree = "<group>"; };
		8487E7211CCCF348003962C3 /* 37e4761e6ecf56a2d78685df7157f097.png */ = {isa = PBXFileReference; lastKnownFileType = image.png; path = 37e4761e6ecf56a2d78685df7157f097.png; sourceTree = "<group>"; };
		8487E7221CCCF348003962C3 /* 53453be0d2dd458c057286d17f6b9306.png */ = {isa = PBXFileReference; lastKnownFileType = image.png; path = 53453be0d2dd458c057286d17f6b9306.png; sourceTree = "<group>"; };
		8487E7231CCCF348003962C3 /* 5ee372ff039073317a49af5442748071.png */ = {isa = PBXFileReference; lastKnownFileType = image.png; path = 5ee372ff039073317a49af5442748071.png; sourceTree = "<group>"; };
		8487E7241CCCF348003962C3 /* 7003217f16ed29bab85e635a3bd6b60d.png */ = {isa = PBXFileReference; lastKnownFileType = image.png; path = 7003217f16ed29bab85e635a3bd6b60d.png; sourceTree = "<group>"; };
		8487E7251CCCF348003962C3 /* 70e4761e6ecf56a2d78685df7157f010.jpg */ = {isa = PBXFileReference; lastKnownFileType = image.jpeg; path = 70e4761e6ecf56a2d78685df7157f010.jpg; sourceTree = "<group>"; };
		8487E7261CCCF348003962C3 /* 97726b804a2558308098bd59edc833fa.png */ = {isa = PBXFileReference; lastKnownFileType = image.png; path = 97726b804a2558308098bd59edc833fa.png; sourceTree = "<group>"; };
		8487E7271CCCF348003962C3 /* 9b437cdfb3e3b542b5917ce2e9a74890.png */ = {isa = PBXFileReference; lastKnownFileType = image.png; path = 9b437cdfb3e3b542b5917ce2e9a74890.png; sourceTree = "<group>"; };
		8487E7281CCCF348003962C3 /* a5f46774487027f73ddb35dbb6e5a41c.png */ = {isa = PBXFileReference; lastKnownFileType = image.png; path = a5f46774487027f73ddb35dbb6e5a41c.png; sourceTree = "<group>"; };
		8487E7291CCCF348003962C3 /* a6c484045581f45e50db68e4f5dc734c.png */ = {isa = PBXFileReference; lastKnownFileType = image.png; path = a6c484045581f45e50db68e4f5dc734c.png; sourceTree = "<group>"; };
		8487E72A1CCCF348003962C3 /* d40878ee9d97a53bd4b8778daa11d38d.png */ = {isa = PBXFileReference; lastKnownFileType = image.png; path = d40878ee9d97a53bd4b8778daa11d38d.png; sourceTree = "<group>"; };
		8487E72B1CCCF348003962C3 /* eb83ba2a2bf3098e324350ce88d6b862.png */ = {isa = PBXFileReference; lastKnownFileType = image.png; path = eb83ba2a2bf3098e324350ce88d6b862.png; sourceTree = "<group>"; };
		8487E72C1CCCF348003962C3 /* tgs.plist */ = {isa = PBXFileReference; fileEncoding = 4; lastKnownFileType = text.plist.xml; path = tgs.plist; sourceTree = "<group>"; };
		8487E73C1CCCF633003962C3 /* LLProductsCell.h */ = {isa = PBXFileReference; fileEncoding = 4; lastKnownFileType = sourcecode.c.h; path = LLProductsCell.h; sourceTree = "<group>"; };
		8487E73D1CCCF633003962C3 /* LLProductsCell.m */ = {isa = PBXFileReference; fileEncoding = 4; lastKnownFileType = sourcecode.c.objc; path = LLProductsCell.m; sourceTree = "<group>"; };
		8487E73F1CCCF674003962C3 /* LLProduct.h */ = {isa = PBXFileReference; fileEncoding = 4; lastKnownFileType = sourcecode.c.h; path = LLProduct.h; sourceTree = "<group>"; };
		8487E7401CCCF674003962C3 /* LLProduct.m */ = {isa = PBXFileReference; fileEncoding = 4; lastKnownFileType = sourcecode.c.objc; path = LLProduct.m; sourceTree = "<group>"; };
		8487E7441CCCF71F003962C3 /* MJExtension.h */ = {isa = PBXFileReference; fileEncoding = 4; lastKnownFileType = sourcecode.c.h; path = MJExtension.h; sourceTree = "<group>"; };
		8487E7451CCCF71F003962C3 /* MJExtensionConst.h */ = {isa = PBXFileReference; fileEncoding = 4; lastKnownFileType = sourcecode.c.h; path = MJExtensionConst.h; sourceTree = "<group>"; };
		8487E7461CCCF71F003962C3 /* MJExtensionConst.m */ = {isa = PBXFileReference; fileEncoding = 4; lastKnownFileType = sourcecode.c.objc; path = MJExtensionConst.m; sourceTree = "<group>"; };
		8487E7471CCCF71F003962C3 /* MJFoundation.h */ = {isa = PBXFileReference; fileEncoding = 4; lastKnownFileType = sourcecode.c.h; path = MJFoundation.h; sourceTree = "<group>"; };
		8487E7481CCCF71F003962C3 /* MJFoundation.m */ = {isa = PBXFileReference; fileEncoding = 4; lastKnownFileType = sourcecode.c.objc; path = MJFoundation.m; sourceTree = "<group>"; };
		8487E7491CCCF71F003962C3 /* MJProperty.h */ = {isa = PBXFileReference; fileEncoding = 4; lastKnownFileType = sourcecode.c.h; path = MJProperty.h; sourceTree = "<group>"; };
		8487E74A1CCCF71F003962C3 /* MJProperty.m */ = {isa = PBXFileReference; fileEncoding = 4; lastKnownFileType = sourcecode.c.objc; path = MJProperty.m; sourceTree = "<group>"; };
		8487E74B1CCCF71F003962C3 /* MJPropertyKey.h */ = {isa = PBXFileReference; fileEncoding = 4; lastKnownFileType = sourcecode.c.h; path = MJPropertyKey.h; sourceTree = "<group>"; };
		8487E74C1CCCF71F003962C3 /* MJPropertyKey.m */ = {isa = PBXFileReference; fileEncoding = 4; lastKnownFileType = sourcecode.c.objc; path = MJPropertyKey.m; sourceTree = "<group>"; };
		8487E74D1CCCF71F003962C3 /* MJPropertyType.h */ = {isa = PBXFileReference; fileEncoding = 4; lastKnownFileType = sourcecode.c.h; path = MJPropertyType.h; sourceTree = "<group>"; };
		8487E74E1CCCF71F003962C3 /* MJPropertyType.m */ = {isa = PBXFileReference; fileEncoding = 4; lastKnownFileType = sourcecode.c.objc; path = MJPropertyType.m; sourceTree = "<group>"; };
		8487E74F1CCCF71F003962C3 /* NSObject+MJClass.h */ = {isa = PBXFileReference; fileEncoding = 4; lastKnownFileType = sourcecode.c.h; path = "NSObject+MJClass.h"; sourceTree = "<group>"; };
		8487E7501CCCF71F003962C3 /* NSObject+MJClass.m */ = {isa = PBXFileReference; fileEncoding = 4; lastKnownFileType = sourcecode.c.objc; path = "NSObject+MJClass.m"; sourceTree = "<group>"; };
		8487E7511CCCF71F003962C3 /* NSObject+MJCoding.h */ = {isa = PBXFileReference; fileEncoding = 4; lastKnownFileType = sourcecode.c.h; path = "NSObject+MJCoding.h"; sourceTree = "<group>"; };
		8487E7521CCCF71F003962C3 /* NSObject+MJCoding.m */ = {isa = PBXFileReference; fileEncoding = 4; lastKnownFileType = sourcecode.c.objc; path = "NSObject+MJCoding.m"; sourceTree = "<group>"; };
		8487E7531CCCF71F003962C3 /* NSObject+MJKeyValue.h */ = {isa = PBXFileReference; fileEncoding = 4; lastKnownFileType = sourcecode.c.h; path = "NSObject+MJKeyValue.h"; sourceTree = "<group>"; };
		8487E7541CCCF71F003962C3 /* NSObject+MJKeyValue.m */ = {isa = PBXFileReference; fileEncoding = 4; lastKnownFileType = sourcecode.c.objc; path = "NSObject+MJKeyValue.m"; sourceTree = "<group>"; };
		8487E7551CCCF71F003962C3 /* NSObject+MJProperty.h */ = {isa = PBXFileReference; fileEncoding = 4; lastKnownFileType = sourcecode.c.h; path = "NSObject+MJProperty.h"; sourceTree = "<group>"; };
		8487E7561CCCF71F003962C3 /* NSObject+MJProperty.m */ = {isa = PBXFileReference; fileEncoding = 4; lastKnownFileType = sourcecode.c.objc; path = "NSObject+MJProperty.m"; sourceTree = "<group>"; };
		8487E7571CCCF71F003962C3 /* NSString+MJExtension.h */ = {isa = PBXFileReference; fileEncoding = 4; lastKnownFileType = sourcecode.c.h; path = "NSString+MJExtension.h"; sourceTree = "<group>"; };
		8487E7581CCCF71F003962C3 /* NSString+MJExtension.m */ = {isa = PBXFileReference; fileEncoding = 4; lastKnownFileType = sourcecode.c.objc; path = "NSString+MJExtension.m"; sourceTree = "<group>"; };
		8487E7D71CCD1FCB003962C3 /* SystemConfiguration.framework */ = {isa = PBXFileReference; lastKnownFileType = wrapper.framework; name = SystemConfiguration.framework; path = System/Library/Frameworks/SystemConfiguration.framework; sourceTree = SDKROOT; };
		8487E7D91CCD1FE3003962C3 /* libz.tbd */ = {isa = PBXFileReference; lastKnownFileType = "sourcecode.text-based-dylib-definition"; name = libz.tbd; path = usr/lib/libz.tbd; sourceTree = SDKROOT; };
		8487E7DB1CCD2008003962C3 /* CoreTelephony.framework */ = {isa = PBXFileReference; lastKnownFileType = wrapper.framework; name = CoreTelephony.framework; path = System/Library/Frameworks/CoreTelephony.framework; sourceTree = SDKROOT; };
		8487E7DD1CCD2018003962C3 /* QuartzCore.framework */ = {isa = PBXFileReference; lastKnownFileType = wrapper.framework; name = QuartzCore.framework; path = System/Library/Frameworks/QuartzCore.framework; sourceTree = SDKROOT; };
		8487E7DF1CCD202D003962C3 /* CoreText.framework */ = {isa = PBXFileReference; lastKnownFileType = wrapper.framework; name = CoreText.framework; path = System/Library/Frameworks/CoreText.framework; sourceTree = SDKROOT; };
		8487E7E11CCD2037003962C3 /* CoreGraphics.framework */ = {isa = PBXFileReference; lastKnownFileType = wrapper.framework; name = CoreGraphics.framework; path = System/Library/Frameworks/CoreGraphics.framework; sourceTree = SDKROOT; };
		8487E7E31CCD204A003962C3 /* UIKit.framework */ = {isa = PBXFileReference; lastKnownFileType = wrapper.framework; name = UIKit.framework; path = System/Library/Frameworks/UIKit.framework; sourceTree = SDKROOT; };
		8487E7E51CCD2056003962C3 /* Foundation.framework */ = {isa = PBXFileReference; lastKnownFileType = wrapper.framework; name = Foundation.framework; path = System/Library/Frameworks/Foundation.framework; sourceTree = SDKROOT; };
/* End PBXFileReference section */

/* Begin PBXFrameworksBuildPhase section */
		846B79831CCCD10000F754B4 /* Frameworks */ = {
			isa = PBXFrameworksBuildPhase;
			buildActionMask = 2147483647;
			files = (
				84787AF21ED5775F00E97678 /* libc++.tbd in Frameworks */,
				84787A0C1ED5735100E97678 /* CFNetwork.framework in Frameworks */,
				84787A0A1ED5731500E97678 /* CoreMotion.framework in Frameworks */,
				84787AE61ED5765F00E97678 /* libcrypto.a in Frameworks */,
				8487E7E61CCD2056003962C3 /* Foundation.framework in Frameworks */,
				8487E7E41CCD204A003962C3 /* UIKit.framework in Frameworks */,
				8487E7E21CCD2037003962C3 /* CoreGraphics.framework in Frameworks */,
				8487E7E01CCD202D003962C3 /* CoreText.framework in Frameworks */,
				84787AE51ED5765F00E97678 /* AlipaySDK.framework in Frameworks */,
				8487E7DE1CCD2018003962C3 /* QuartzCore.framework in Frameworks */,
				8487E7DC1CCD2008003962C3 /* CoreTelephony.framework in Frameworks */,
				8487E7DA1CCD1FE3003962C3 /* libz.tbd in Frameworks */,
				84787AE71ED5765F00E97678 /* libssl.a in Frameworks */,
				8487E7D81CCD1FCB003962C3 /* SystemConfiguration.framework in Frameworks */,
			);
			runOnlyForDeploymentPostprocessing = 0;
		};
		846B799C1CCCD10000F754B4 /* Frameworks */ = {
			isa = PBXFrameworksBuildPhase;
			buildActionMask = 2147483647;
			files = (
			);
			runOnlyForDeploymentPostprocessing = 0;
		};
/* End PBXFrameworksBuildPhase section */

/* Begin PBXGroup section */
		846B797D1CCCD10000F754B4 = {
			isa = PBXGroup;
			children = (
				8487E7E51CCD2056003962C3 /* Foundation.framework */,
				8487E7E31CCD204A003962C3 /* UIKit.framework */,
				8487E7E11CCD2037003962C3 /* CoreGraphics.framework */,
				8487E7DF1CCD202D003962C3 /* CoreText.framework */,
				8487E7DD1CCD2018003962C3 /* QuartzCore.framework */,
				8487E7DB1CCD2008003962C3 /* CoreTelephony.framework */,
				8487E7D91CCD1FE3003962C3 /* libz.tbd */,
				8487E7D71CCD1FCB003962C3 /* SystemConfiguration.framework */,
				846B79881CCCD10000F754B4 /* MyAlipay */,
				846B79A21CCCD10000F754B4 /* MyAlipayTests */,
				846B79871CCCD10000F754B4 /* Products */,
				84787A081ED5731500E97678 /* Frameworks */,
			);
			sourceTree = "<group>";
		};
		846B79871CCCD10000F754B4 /* Products */ = {
			isa = PBXGroup;
			children = (
				846B79861CCCD10000F754B4 /* MyAlipay.app */,
				846B799F1CCCD10000F754B4 /* MyAlipayTests.xctest */,
			);
			name = Products;
			sourceTree = "<group>";
		};
		846B79881CCCD10000F754B4 /* MyAlipay */ = {
			isa = PBXGroup;
			children = (
				84787AF31ED5788300E97678 /* APAuthV2Info.h */,
				84787AF41ED5788300E97678 /* APAuthV2Info.m */,
				84787A801ED5765F00E97678 /* AlipaySDK.bundle */,
				84787A811ED5765F00E97678 /* AlipaySDK.framework */,
				84787A821ED5765F00E97678 /* libcrypto.a */,
				84787A831ED5765F00E97678 /* libssl.a */,
				84787AF61ED57AF500E97678 /* Util */,
				84787A841ED5765F00E97678 /* openssl */,
				84787AD01ED5765F00E97678 /* Order.h */,
				84787AD11ED5765F00E97678 /* Order.m */,
				8487E7421CCCF70A003962C3 /* LIb */,
				846B798C1CCCD10000F754B4 /* AppDelegate.h */,
				846B798D1CCCD10000F754B4 /* AppDelegate.m */,
				846B798F1CCCD10000F754B4 /* ViewController.h */,
				846B79901CCCD10000F754B4 /* ViewController.m */,
				8487E73F1CCCF674003962C3 /* LLProduct.h */,
				8487E7401CCCF674003962C3 /* LLProduct.m */,
				8487E73C1CCCF633003962C3 /* LLProductsCell.h */,
				8487E73D1CCCF633003962C3 /* LLProductsCell.m */,
				846B79921CCCD10000F754B4 /* Main.storyboard */,
				846B79951CCCD10000F754B4 /* Assets.xcassets */,
				846B79971CCCD10000F754B4 /* LaunchScreen.storyboard */,
				846B799A1CCCD10000F754B4 /* Info.plist */,
				846B79891CCCD10000F754B4 /* Supporting Files */,
			);
			path = MyAlipay;
			sourceTree = "<group>";
		};
		846B79891CCCD10000F754B4 /* Supporting Files */ = {
			isa = PBXGroup;
			children = (
				8487E71D1CCCF348003962C3 /* icons */,
				8487E72C1CCCF348003962C3 /* tgs.plist */,
				846B798A1CCCD10000F754B4 /* main.m */,
			);
			name = "Supporting Files";
			sourceTree = "<group>";
		};
		846B79A21CCCD10000F754B4 /* MyAlipayTests */ = {
			isa = PBXGroup;
			children = (
				846B79A31CCCD10000F754B4 /* MyAlipayTests.m */,
				846B79A51CCCD10000F754B4 /* Info.plist */,
			);
			path = MyAlipayTests;
			sourceTree = "<group>";
		};
		84787A081ED5731500E97678 /* Frameworks */ = {
			isa = PBXGroup;
			children = (
				84787AF11ED5775F00E97678 /* libc++.tbd */,
				84787A0B1ED5735100E97678 /* CFNetwork.framework */,
				84787A091ED5731500E97678 /* CoreMotion.framework */,
			);
			name = Frameworks;
			sourceTree = "<group>";
		};
		84787A841ED5765F00E97678 /* openssl */ = {
			isa = PBXGroup;
			children = (
				84787A851ED5765F00E97678 /* aes.h */,
				84787A861ED5765F00E97678 /* asn1.h */,
				84787A871ED5765F00E97678 /* asn1_mac.h */,
				84787A881ED5765F00E97678 /* asn1t.h */,
				84787A891ED5765F00E97678 /* bio.h */,
				84787A8A1ED5765F00E97678 /* blowfish.h */,
				84787A8B1ED5765F00E97678 /* bn.h */,
				84787A8C1ED5765F00E97678 /* buffer.h */,
				84787A8D1ED5765F00E97678 /* camellia.h */,
				84787A8E1ED5765F00E97678 /* cast.h */,
				84787A8F1ED5765F00E97678 /* cmac.h */,
				84787A901ED5765F00E97678 /* cms.h */,
				84787A911ED5765F00E97678 /* comp.h */,
				84787A921ED5765F00E97678 /* conf.h */,
				84787A931ED5765F00E97678 /* conf_api.h */,
				84787A941ED5765F00E97678 /* crypto.h */,
				84787A951ED5765F00E97678 /* des.h */,
				84787A961ED5765F00E97678 /* des_old.h */,
				84787A971ED5765F00E97678 /* dh.h */,
				84787A981ED5765F00E97678 /* dsa.h */,
				84787A991ED5765F00E97678 /* dso.h */,
				84787A9A1ED5765F00E97678 /* dtls1.h */,
				84787A9B1ED5765F00E97678 /* e_os2.h */,
				84787A9C1ED5765F00E97678 /* ebcdic.h */,
				84787A9D1ED5765F00E97678 /* ec.h */,
				84787A9E1ED5765F00E97678 /* ecdh.h */,
				84787A9F1ED5765F00E97678 /* ecdsa.h */,
				84787AA01ED5765F00E97678 /* engine.h */,
				84787AA11ED5765F00E97678 /* err.h */,
				84787AA21ED5765F00E97678 /* evp.h */,
				84787AA31ED5765F00E97678 /* hmac.h */,
				84787AA41ED5765F00E97678 /* idea.h */,
				84787AA51ED5765F00E97678 /* krb5_asn.h */,
				84787AA61ED5765F00E97678 /* kssl.h */,
				84787AA71ED5765F00E97678 /* lhash.h */,
				84787AA81ED5765F00E97678 /* md4.h */,
				84787AA91ED5765F00E97678 /* md5.h */,
				84787AAA1ED5765F00E97678 /* mdc2.h */,
				84787AAB1ED5765F00E97678 /* modes.h */,
				84787AAC1ED5765F00E97678 /* obj_mac.h */,
				84787AAD1ED5765F00E97678 /* objects.h */,
				84787AAE1ED5765F00E97678 /* ocsp.h */,
				84787AAF1ED5765F00E97678 /* opensslconf.h */,
				84787AB01ED5765F00E97678 /* opensslv.h */,
				84787AB11ED5765F00E97678 /* ossl_typ.h */,
				84787AB21ED5765F00E97678 /* pem.h */,
				84787AB31ED5765F00E97678 /* pem2.h */,
				84787AB41ED5765F00E97678 /* pkcs12.h */,
				84787AB51ED5765F00E97678 /* pkcs7.h */,
				84787AB61ED5765F00E97678 /* pqueue.h */,
				84787AB71ED5765F00E97678 /* rand.h */,
				84787AB81ED5765F00E97678 /* rc2.h */,
				84787AB91ED5765F00E97678 /* rc4.h */,
				84787ABA1ED5765F00E97678 /* ripemd.h */,
				84787ABB1ED5765F00E97678 /* rsa.h */,
				84787ABC1ED5765F00E97678 /* safestack.h */,
				84787ABD1ED5765F00E97678 /* seed.h */,
				84787ABE1ED5765F00E97678 /* sha.h */,
				84787ABF1ED5765F00E97678 /* srp.h */,
				84787AC01ED5765F00E97678 /* srtp.h */,
				84787AC11ED5765F00E97678 /* ssl.h */,
				84787AC21ED5765F00E97678 /* ssl2.h */,
				84787AC31ED5765F00E97678 /* ssl23.h */,
				84787AC41ED5765F00E97678 /* ssl3.h */,
				84787AC51ED5765F00E97678 /* stack.h */,
				84787AC61ED5765F00E97678 /* symhacks.h */,
				84787AC71ED5765F00E97678 /* tls1.h */,
				84787AC81ED5765F00E97678 /* ts.h */,
				84787AC91ED5765F00E97678 /* txt_db.h */,
				84787ACA1ED5765F00E97678 /* ui.h */,
				84787ACB1ED5765F00E97678 /* ui_compat.h */,
				84787ACC1ED5765F00E97678 /* whrlpool.h */,
				84787ACD1ED5765F00E97678 /* x509.h */,
				84787ACE1ED5765F00E97678 /* x509_vfy.h */,
				84787ACF1ED5765F00E97678 /* x509v3.h */,
			);
			path = openssl;
			sourceTree = "<group>";
		};
		84787AF61ED57AF500E97678 /* Util */ = {
			isa = PBXGroup;
			children = (
				84787AF71ED57AF500E97678 /* base64.h */,
				84787AF81ED57AF500E97678 /* base64.m */,
				84787AF91ED57AF500E97678 /* config.h */,
				84787AFA1ED57AF500E97678 /* NSDataEx.h */,
				84787AFB1ED57AF500E97678 /* NSDataEx.m */,
				84787AFC1ED57AF500E97678 /* openssl_wrapper.h */,
				84787AFD1ED57AF500E97678 /* openssl_wrapper.m */,
				84787AFE1ED57AF500E97678 /* RSADataSigner.h */,
				84787AFF1ED57AF500E97678 /* RSADataSigner.m */,
				84787B001ED57AF500E97678 /* RSADataVerifier.h */,
				84787B011ED57AF500E97678 /* RSADataVerifier.m */,
			);
			path = Util;
			sourceTree = "<group>";
		};
		8487E71D1CCCF348003962C3 /* icons */ = {
			isa = PBXGroup;
			children = (
				8487E71E1CCCF348003962C3 /* 2010e3a0c7f88c3f5f5803bf66addd93.png */,
				8487E71F1CCCF348003962C3 /* 2c97690e72365e38e3e2a95b934b8dd2.png */,
				8487E7201CCCF348003962C3 /* 3714230523e78c839947694f3e97f0a5.png */,
				8487E7211CCCF348003962C3 /* 37e4761e6ecf56a2d78685df7157f097.png */,
				8487E7221CCCF348003962C3 /* 53453be0d2dd458c057286d17f6b9306.png */,
				8487E7231CCCF348003962C3 /* 5ee372ff039073317a49af5442748071.png */,
				8487E7241CCCF348003962C3 /* 7003217f16ed29bab85e635a3bd6b60d.png */,
				8487E7251CCCF348003962C3 /* 70e4761e6ecf56a2d78685df7157f010.jpg */,
				8487E7261CCCF348003962C3 /* 97726b804a2558308098bd59edc833fa.png */,
				8487E7271CCCF348003962C3 /* 9b437cdfb3e3b542b5917ce2e9a74890.png */,
				8487E7281CCCF348003962C3 /* a5f46774487027f73ddb35dbb6e5a41c.png */,
				8487E7291CCCF348003962C3 /* a6c484045581f45e50db68e4f5dc734c.png */,
				8487E72A1CCCF348003962C3 /* d40878ee9d97a53bd4b8778daa11d38d.png */,
				8487E72B1CCCF348003962C3 /* eb83ba2a2bf3098e324350ce88d6b862.png */,
			);
			path = icons;
			sourceTree = "<group>";
		};
		8487E7421CCCF70A003962C3 /* LIb */ = {
			isa = PBXGroup;
			children = (
				8487E7431CCCF71F003962C3 /* MJExtension */,
			);
			name = LIb;
			sourceTree = "<group>";
		};
		8487E7431CCCF71F003962C3 /* MJExtension */ = {
			isa = PBXGroup;
			children = (
				8487E7441CCCF71F003962C3 /* MJExtension.h */,
				8487E7451CCCF71F003962C3 /* MJExtensionConst.h */,
				8487E7461CCCF71F003962C3 /* MJExtensionConst.m */,
				8487E7471CCCF71F003962C3 /* MJFoundation.h */,
				8487E7481CCCF71F003962C3 /* MJFoundation.m */,
				8487E7491CCCF71F003962C3 /* MJProperty.h */,
				8487E74A1CCCF71F003962C3 /* MJProperty.m */,
				8487E74B1CCCF71F003962C3 /* MJPropertyKey.h */,
				8487E74C1CCCF71F003962C3 /* MJPropertyKey.m */,
				8487E74D1CCCF71F003962C3 /* MJPropertyType.h */,
				8487E74E1CCCF71F003962C3 /* MJPropertyType.m */,
				8487E74F1CCCF71F003962C3 /* NSObject+MJClass.h */,
				8487E7501CCCF71F003962C3 /* NSObject+MJClass.m */,
				8487E7511CCCF71F003962C3 /* NSObject+MJCoding.h */,
				8487E7521CCCF71F003962C3 /* NSObject+MJCoding.m */,
				8487E7531CCCF71F003962C3 /* NSObject+MJKeyValue.h */,
				8487E7541CCCF71F003962C3 /* NSObject+MJKeyValue.m */,
				8487E7551CCCF71F003962C3 /* NSObject+MJProperty.h */,
				8487E7561CCCF71F003962C3 /* NSObject+MJProperty.m */,
				8487E7571CCCF71F003962C3 /* NSString+MJExtension.h */,
				8487E7581CCCF71F003962C3 /* NSString+MJExtension.m */,
			);
			path = MJExtension;
			sourceTree = "<group>";
		};
/* End PBXGroup section */

/* Begin PBXNativeTarget section */
		846B79851CCCD10000F754B4 /* MyAlipay */ = {
			isa = PBXNativeTarget;
			buildConfigurationList = 846B79A81CCCD10000F754B4 /* Build configuration list for PBXNativeTarget "MyAlipay" */;
			buildPhases = (
				846B79821CCCD10000F754B4 /* Sources */,
				846B79831CCCD10000F754B4 /* Frameworks */,
				846B79841CCCD10000F754B4 /* Resources */,
			);
			buildRules = (
			);
			dependencies = (
			);
			name = MyAlipay;
			productName = MyAlipay;
			productReference = 846B79861CCCD10000F754B4 /* MyAlipay.app */;
			productType = "com.apple.product-type.application";
		};
		846B799E1CCCD10000F754B4 /* MyAlipayTests */ = {
			isa = PBXNativeTarget;
			buildConfigurationList = 846B79AB1CCCD10000F754B4 /* Build configuration list for PBXNativeTarget "MyAlipayTests" */;
			buildPhases = (
				846B799B1CCCD10000F754B4 /* Sources */,
				846B799C1CCCD10000F754B4 /* Frameworks */,
				846B799D1CCCD10000F754B4 /* Resources */,
			);
			buildRules = (
			);
			dependencies = (
				846B79A11CCCD10000F754B4 /* PBXTargetDependency */,
			);
			name = MyAlipayTests;
			productName = MyAlipayTests;
			productReference = 846B799F1CCCD10000F754B4 /* MyAlipayTests.xctest */;
			productType = "com.apple.product-type.bundle.unit-test";
		};
/* End PBXNativeTarget section */

/* Begin PBXProject section */
		846B797E1CCCD10000F754B4 /* Project object */ = {
			isa = PBXProject;
			attributes = {
				LastUpgradeCheck = 0720;
				ORGANIZATIONNAME = KauriHealthLvkk;
				TargetAttributes = {
					846B79851CCCD10000F754B4 = {
						CreatedOnToolsVersion = 7.2.1;
						DevelopmentTeam = B2W8B9ZLUJ;
					};
					846B799E1CCCD10000F754B4 = {
						CreatedOnToolsVersion = 7.2.1;
						TestTargetID = 846B79851CCCD10000F754B4;
					};
				};
			};
			buildConfigurationList = 846B79811CCCD10000F754B4 /* Build configuration list for PBXProject "MyAlipay" */;
			compatibilityVersion = "Xcode 3.2";
			developmentRegion = English;
			hasScannedForEncodings = 0;
			knownRegions = (
				en,
				Base,
			);
			mainGroup = 846B797D1CCCD10000F754B4;
			productRefGroup = 846B79871CCCD10000F754B4 /* Products */;
			projectDirPath = "";
			projectRoot = "";
			targets = (
				846B79851CCCD10000F754B4 /* MyAlipay */,
				846B799E1CCCD10000F754B4 /* MyAlipayTests */,
			);
		};
/* End PBXProject section */

/* Begin PBXResourcesBuildPhase section */
		846B79841CCCD10000F754B4 /* Resources */ = {
			isa = PBXResourcesBuildPhase;
			buildActionMask = 2147483647;
			files = (
				846B79991CCCD10000F754B4 /* LaunchScreen.storyboard in Resources */,
				8487E7331CCCF348003962C3 /* 7003217f16ed29bab85e635a3bd6b60d.png in Resources */,
				8487E7341CCCF348003962C3 /* 70e4761e6ecf56a2d78685df7157f010.jpg in Resources */,
				846B79961CCCD10000F754B4 /* Assets.xcassets in Resources */,
				84787AE41ED5765F00E97678 /* AlipaySDK.bundle in Resources */,
				8487E72E1CCCF348003962C3 /* 2c97690e72365e38e3e2a95b934b8dd2.png in Resources */,
				8487E7301CCCF348003962C3 /* 37e4761e6ecf56a2d78685df7157f097.png in Resources */,
				8487E73A1CCCF348003962C3 /* eb83ba2a2bf3098e324350ce88d6b862.png in Resources */,
				8487E7351CCCF348003962C3 /* 97726b804a2558308098bd59edc833fa.png in Resources */,
				8487E7311CCCF348003962C3 /* 53453be0d2dd458c057286d17f6b9306.png in Resources */,
				8487E7371CCCF348003962C3 /* a5f46774487027f73ddb35dbb6e5a41c.png in Resources */,
				846B79941CCCD10000F754B4 /* Main.storyboard in Resources */,
				8487E7381CCCF348003962C3 /* a6c484045581f45e50db68e4f5dc734c.png in Resources */,
				8487E7391CCCF348003962C3 /* d40878ee9d97a53bd4b8778daa11d38d.png in Resources */,
				8487E72D1CCCF348003962C3 /* 2010e3a0c7f88c3f5f5803bf66addd93.png in Resources */,
				8487E72F1CCCF348003962C3 /* 3714230523e78c839947694f3e97f0a5.png in Resources */,
				8487E7361CCCF348003962C3 /* 9b437cdfb3e3b542b5917ce2e9a74890.png in Resources */,
				8487E7321CCCF348003962C3 /* 5ee372ff039073317a49af5442748071.png in Resources */,
				8487E73B1CCCF348003962C3 /* tgs.plist in Resources */,
			);
			runOnlyForDeploymentPostprocessing = 0;
		};
		846B799D1CCCD10000F754B4 /* Resources */ = {
			isa = PBXResourcesBuildPhase;
			buildActionMask = 2147483647;
			files = (
			);
			runOnlyForDeploymentPostprocessing = 0;
		};
/* End PBXResourcesBuildPhase section */

/* Begin PBXSourcesBuildPhase section */
		846B79821CCCD10000F754B4 /* Sources */ = {
			isa = PBXSourcesBuildPhase;
			buildActionMask = 2147483647;
			files = (
				84787B021ED57AF500E97678 /* base64.m in Sources */,
				84787B031ED57AF500E97678 /* NSDataEx.m in Sources */,
				846B79911CCCD10000F754B4 /* ViewController.m in Sources */,
				8487E75A1CCCF71F003962C3 /* MJFoundation.m in Sources */,
				8487E7601CCCF71F003962C3 /* NSObject+MJKeyValue.m in Sources */,
				846B798E1CCCD10000F754B4 /* AppDelegate.m in Sources */,
				8487E75B1CCCF71F003962C3 /* MJProperty.m in Sources */,
				8487E75C1CCCF71F003962C3 /* MJPropertyKey.m in Sources */,
				8487E75D1CCCF71F003962C3 /* MJPropertyType.m in Sources */,
				8487E75E1CCCF71F003962C3 /* NSObject+MJClass.m in Sources */,
				8487E7621CCCF71F003962C3 /* NSString+MJExtension.m in Sources */,
				846B798B1CCCD10000F754B4 /* main.m in Sources */,
				84787B051ED57AF500E97678 /* RSADataSigner.m in Sources */,
				8487E7611CCCF71F003962C3 /* NSObject+MJProperty.m in Sources */,
				8487E75F1CCCF71F003962C3 /* NSObject+MJCoding.m in Sources */,
				8487E7411CCCF674003962C3 /* LLProduct.m in Sources */,
				84787B061ED57AF500E97678 /* RSADataVerifier.m in Sources */,
				8487E7591CCCF71F003962C3 /* MJExtensionConst.m in Sources */,
				84787B041ED57AF500E97678 /* openssl_wrapper.m in Sources */,
				84787AF51ED5788300E97678 /* APAuthV2Info.m in Sources */,
				84787AE81ED5765F00E97678 /* Order.m in Sources */,
				8487E73E1CCCF633003962C3 /* LLProductsCell.m in Sources */,
			);
			runOnlyForDeploymentPostprocessing = 0;
		};
		846B799B1CCCD10000F754B4 /* Sources */ = {
			isa = PBXSourcesBuildPhase;
			buildActionMask = 2147483647;
			files = (
				846B79A41CCCD10000F754B4 /* MyAlipayTests.m in Sources */,
			);
			runOnlyForDeploymentPostprocessing = 0;
		};
/* End PBXSourcesBuildPhase section */

/* Begin PBXTargetDependency section */
		846B79A11CCCD10000F754B4 /* PBXTargetDependency */ = {
			isa = PBXTargetDependency;
			target = 846B79851CCCD10000F754B4 /* MyAlipay */;
			targetProxy = 846B79A01CCCD10000F754B4 /* PBXContainerItemProxy */;
		};
/* End PBXTargetDependency section */

/* Begin PBXVariantGroup section */
		846B79921CCCD10000F754B4 /* Main.storyboard */ = {
			isa = PBXVariantGroup;
			children = (
				846B79931CCCD10000F754B4 /* Base */,
			);
			name = Main.storyboard;
			sourceTree = "<group>";
		};
		846B79971CCCD10000F754B4 /* LaunchScreen.storyboard */ = {
			isa = PBXVariantGroup;
			children = (
				846B79981CCCD10000F754B4 /* Base */,
			);
			name = LaunchScreen.storyboard;
			sourceTree = "<group>";
		};
/* End PBXVariantGroup section */

/* Begin XCBuildConfiguration section */
		846B79A61CCCD10000F754B4 /* Debug */ = {
			isa = XCBuildConfiguration;
			buildSettings = {
				ALWAYS_SEARCH_USER_PATHS = NO;
				CLANG_CXX_LANGUAGE_STANDARD = "gnu++0x";
				CLANG_CXX_LIBRARY = "libc++";
				CLANG_ENABLE_MODULES = YES;
				CLANG_ENABLE_OBJC_ARC = YES;
				CLANG_WARN_BOOL_CONVERSION = YES;
				CLANG_WARN_CONSTANT_CONVERSION = YES;
				CLANG_WARN_DIRECT_OBJC_ISA_USAGE = YES_ERROR;
				CLANG_WARN_EMPTY_BODY = YES;
				CLANG_WARN_ENUM_CONVERSION = YES;
				CLANG_WARN_INT_CONVERSION = YES;
				CLANG_WARN_OBJC_ROOT_CLASS = YES_ERROR;
				CLANG_WARN_UNREACHABLE_CODE = YES;
				CLANG_WARN__DUPLICATE_METHOD_MATCH = YES;
				"CODE_SIGN_IDENTITY[sdk=iphoneos*]" = "iPhone Developer";
				COPY_PHASE_STRIP = NO;
				DEBUG_INFORMATION_FORMAT = dwarf;
				ENABLE_STRICT_OBJC_MSGSEND = YES;
				ENABLE_TESTABILITY = YES;
				GCC_C_LANGUAGE_STANDARD = gnu99;
				GCC_DYNAMIC_NO_PIC = NO;
				GCC_NO_COMMON_BLOCKS = YES;
				GCC_OPTIMIZATION_LEVEL = 0;
				GCC_PREPROCESSOR_DEFINITIONS = (
					"DEBUG=1",
					"$(inherited)",
				);
				GCC_WARN_64_TO_32_BIT_CONVERSION = YES;
				GCC_WARN_ABOUT_RETURN_TYPE = YES_ERROR;
				GCC_WARN_UNDECLARED_SELECTOR = YES;
				GCC_WARN_UNINITIALIZED_AUTOS = YES_AGGRESSIVE;
				GCC_WARN_UNUSED_FUNCTION = YES;
				GCC_WARN_UNUSED_VARIABLE = YES;
				IPHONEOS_DEPLOYMENT_TARGET = 9.2;
				MTL_ENABLE_DEBUG_INFO = YES;
				ONLY_ACTIVE_ARCH = YES;
				SDKROOT = iphoneos;
				TARGETED_DEVICE_FAMILY = "1,2";
			};
			name = Debug;
		};
		846B79A71CCCD10000F754B4 /* Release */ = {
			isa = XCBuildConfiguration;
			buildSettings = {
				ALWAYS_SEARCH_USER_PATHS = NO;
				CLANG_CXX_LANGUAGE_STANDARD = "gnu++0x";
				CLANG_CXX_LIBRARY = "libc++";
				CLANG_ENABLE_MODULES = YES;
				CLANG_ENABLE_OBJC_ARC = YES;
				CLANG_WARN_BOOL_CONVERSION = YES;
				CLANG_WARN_CONSTANT_CONVERSION = YES;
				CLANG_WARN_DIRECT_OBJC_ISA_USAGE = YES_ERROR;
				CLANG_WARN_EMPTY_BODY = YES;
				CLANG_WARN_ENUM_CONVERSION = YES;
				CLANG_WARN_INT_CONVERSION = YES;
				CLANG_WARN_OBJC_ROOT_CLASS = YES_ERROR;
				CLANG_WARN_UNREACHABLE_CODE = YES;
				CLANG_WARN__DUPLICATE_METHOD_MATCH = YES;
				"CODE_SIGN_IDENTITY[sdk=iphoneos*]" = "iPhone Developer";
				COPY_PHASE_STRIP = NO;
				DEBUG_INFORMATION_FORMAT = "dwarf-with-dsym";
				ENABLE_NS_ASSERTIONS = NO;
				ENABLE_STRICT_OBJC_MSGSEND = YES;
				GCC_C_LANGUAGE_STANDARD = gnu99;
				GCC_NO_COMMON_BLOCKS = YES;
				GCC_WARN_64_TO_32_BIT_CONVERSION = YES;
				GCC_WARN_ABOUT_RETURN_TYPE = YES_ERROR;
				GCC_WARN_UNDECLARED_SELECTOR = YES;
				GCC_WARN_UNINITIALIZED_AUTOS = YES_AGGRESSIVE;
				GCC_WARN_UNUSED_FUNCTION = YES;
				GCC_WARN_UNUSED_VARIABLE = YES;
				IPHONEOS_DEPLOYMENT_TARGET = 9.2;
				MTL_ENABLE_DEBUG_INFO = NO;
				SDKROOT = iphoneos;
				TARGETED_DEVICE_FAMILY = "1,2";
				VALIDATE_PRODUCT = YES;
			};
			name = Release;
		};
		846B79A91CCCD10000F754B4 /* Debug */ = {
			isa = XCBuildConfiguration;
			buildSettings = {
				ASSETCATALOG_COMPILER_APPICON_NAME = AppIcon;
				DEVELOPMENT_TEAM = B2W8B9ZLUJ;
				FRAMEWORK_SEARCH_PATHS = (
					"$(inherited)",
					"$(PROJECT_DIR)/MyAlipay",
					"$(PROJECT_DIR)/MyAlipay/AliPay",
				);
				HEADER_SEARCH_PATHS = "$(SRCROOT)/MyAlipay";
				INFOPLIST_FILE = MyAlipay/Info.plist;
				IPHONEOS_DEPLOYMENT_TARGET = 8.0;
				LD_RUNPATH_SEARCH_PATHS = "$(inherited) @executable_path/Frameworks";
				LIBRARY_SEARCH_PATHS = (
					"$(inherited)",
					"$(PROJECT_DIR)/MyAlipay",
					"$(PROJECT_DIR)/MyAlipay/AliPay",
				);
				PRODUCT_BUNDLE_IDENTIFIER = cn.TsingTao.MyAlipay;
				PRODUCT_NAME = "$(TARGET_NAME)";
			};
			name = Debug;
		};
		846B79AA1CCCD10000F754B4 /* Release */ = {
			isa = XCBuildConfiguration;
			buildSettings = {
				ASSETCATALOG_COMPILER_APPICON_NAME = AppIcon;
				DEVELOPMENT_TEAM = B2W8B9ZLUJ;
				FRAMEWORK_SEARCH_PATHS = (
					"$(inherited)",
					"$(PROJECT_DIR)/MyAlipay",
					"$(PROJECT_DIR)/MyAlipay/AliPay",
				);
				HEADER_SEARCH_PATHS = "$(SRCROOT)/MyAlipay";
				INFOPLIST_FILE = MyAlipay/Info.plist;
				IPHONEOS_DEPLOYMENT_TARGET = 8.0;
				LD_RUNPATH_SEARCH_PATHS = "$(inherited) @executable_path/Frameworks";
				LIBRARY_SEARCH_PATHS = (
					"$(inherited)",
					"$(PROJECT_DIR)/MyAlipay",
					"$(PROJECT_DIR)/MyAlipay/AliPay",
				);
				PRODUCT_BUNDLE_IDENTIFIER = cn.TsingTao.MyAlipay;
				PRODUCT_NAME = "$(TARGET_NAME)";
			};
			name = Release;
		};
		846B79AC1CCCD10000F754B4 /* Debug */ = {
			isa = XCBuildConfiguration;
			buildSettings = {
				BUNDLE_LOADER = "$(TEST_HOST)";
				INFOPLIST_FILE = MyAlipayTests/Info.plist;
				LD_RUNPATH_SEARCH_PATHS = "$(inherited) @executable_path/Frameworks @loader_path/Frameworks";
				PRODUCT_BUNDLE_IDENTIFIER = cn.TsingTao.MyAlipayTests;
				PRODUCT_NAME = "$(TARGET_NAME)";
				TEST_HOST = "$(BUILT_PRODUCTS_DIR)/MyAlipay.app/MyAlipay";
			};
			name = Debug;
		};
		846B79AD1CCCD10000F754B4 /* Release */ = {
			isa = XCBuildConfiguration;
			buildSettings = {
				BUNDLE_LOADER = "$(TEST_HOST)";
				INFOPLIST_FILE = MyAlipayTests/Info.plist;
				LD_RUNPATH_SEARCH_PATHS = "$(inherited) @executable_path/Frameworks @loader_path/Frameworks";
				PRODUCT_BUNDLE_IDENTIFIER = cn.TsingTao.MyAlipayTests;
				PRODUCT_NAME = "$(TARGET_NAME)";
				TEST_HOST = "$(BUILT_PRODUCTS_DIR)/MyAlipay.app/MyAlipay";
			};
			name = Release;
		};
/* End XCBuildConfiguration section */

/* Begin XCConfigurationList section */
		846B79811CCCD10000F754B4 /* Build configuration list for PBXProject "MyAlipay" */ = {
			isa = XCConfigurationList;
			buildConfigurations = (
				846B79A61CCCD10000F754B4 /* Debug */,
				846B79A71CCCD10000F754B4 /* Release */,
			);
			defaultConfigurationIsVisible = 0;
			defaultConfigurationName = Release;
		};
		846B79A81CCCD10000F754B4 /* Build configuration list for PBXNativeTarget "MyAlipay" */ = {
			isa = XCConfigurationList;
			buildConfigurations = (
				846B79A91CCCD10000F754B4 /* Debug */,
				846B79AA1CCCD10000F754B4 /* Release */,
			);
			defaultConfigurationIsVisible = 0;
			defaultConfigurationName = Release;
		};
		846B79AB1CCCD10000F754B4 /* Build configuration list for PBXNativeTarget "MyAlipayTests" */ = {
			isa = XCConfigurationList;
			buildConfigurations = (
				846B79AC1CCCD10000F754B4 /* Debug */,
				846B79AD1CCCD10000F754B4 /* Release */,
			);
			defaultConfigurationIsVisible = 0;
			defaultConfigurationName = Release;
		};
/* End XCConfigurationList section */
	};
	rootObject = 846B797E1CCCD10000F754B4 /* Project object */;
}
